
Microsoft Visual Studio Solution File, Format Version 12.00
# Visual Studio 15
Project("{FAE04EC0-301F-11D3-BF4B-00C04F79EFBC}") = "UnityEngine.TestRunner", "UnityEngine.TestRunner.csproj", "{339FEDB1-1B75-C99D-9163-235160A289A1}"
EndProject
Project("{FAE04EC0-301F-11D3-BF4B-00C04F79EFBC}") = "UnityEngine.UI", "UnityEngine.UI.csproj", "{F7C728FF-4134-0287-6493-5E79C54979BA}"
EndProject
Project("{FAE04EC0-301F-11D3-BF4B-00C04F79EFBC}") = "Unity.TextMeshPro", "Unity.TextMeshPro.csproj", "{507AA9E7-383B-D85C-C2B9-0C0578385D7D}"
EndProject
Project("{FAE04EC0-301F-11D3-BF4B-00C04F79EFBC}") = "Unity.Timeline", "Unity.Timeline.csproj", "{B8A94D60-5716-DDCB-B913-5B9D9EC8401A}"
EndProject
Project("{FAE04EC0-301F-11D3-BF4B-00C04F79EFBC}") = "Assembly-CSharp", "Assembly-CSharp.csproj", "{F57D3B98-09A2-A79F-6A5D-4B097B7B5958}"
EndProject
Project("{FAE04EC0-301F-11D3-BF4B-00C04F79EFBC}") = "UnityEditor.TestRunner", "UnityEditor.TestRunner.csproj", "{2DFE58AA-C022-3780-5522-B1B6851F3138}"
EndProject
Project("{FAE04EC0-301F-11D3-BF4B-00C04F79EFBC}") = "Unity.TextMeshPro.Editor", "Unity.TextMeshPro.Editor.csproj", "{8F663C63-A862-C311-EB38-DA6A8D3F2C9C}"
EndProject
Project("{FAE04EC0-301F-11D3-BF4B-00C04F79EFBC}") = "Unity.Timeline.Editor", "Unity.Timeline.Editor.csproj", "{386FA0EC-C966-E79E-A218-45825D02E58E}"
EndProject
Project("{FAE04EC0-301F-11D3-BF4B-00C04F79EFBC}") = "UnityEditor.UI", "UnityEditor.UI.csproj", "{C332CCFF-96F8-945F-7D69-6A397A00C230}"
EndProject
Project("{FAE04EC0-301F-11D3-BF4B-00C04F79EFBC}") = "Unity.Rider.Editor", "Unity.Rider.Editor.csproj", "{F43E178C-6E04-424A-1EE1-5E9E9272F40D}"
EndProject
Project("{FAE04EC0-301F-11D3-BF4B-00C04F79EFBC}") = "Unity.CollabProxy.Editor", "Unity.CollabProxy.Editor.csproj", "{917F4BC3-6A84-20BA-0979-0F975F072B18}"
EndProject
Project("{FAE04EC0-301F-11D3-BF4B-00C04F79EFBC}") = "Unity.VSCode.Editor", "Unity.VSCode.Editor.csproj", "{8A77D629-2007-56AF-371F-FE6F94D71B69}"
EndProject
Global
	GlobalSection(SolutionConfigurationPlatforms) = preSolution
		Debug|Any CPU = Debug|Any CPU
		Release|Any CPU = Release|Any CPU
	EndGlobalSection
	GlobalSection(ProjectConfigurationPlatforms) = postSolution
		{339FEDB1-1B75-C99D-9163-235160A289A1}.Debug|Any CPU.ActiveCfg = Debug|Any CPU
		{339FEDB1-1B75-C99D-9163-235160A289A1}.Debug|Any CPU.Build.0 = Debug|Any CPU
		{339FEDB1-1B75-C99D-9163-235160A289A1}.Release|Any CPU.ActiveCfg = Release|Any CPU
		{339FEDB1-1B75-C99D-9163-235160A289A1}.Release|Any CPU.Build.0 = Release|Any CPU
		{F7C728FF-4134-0287-6493-5E79C54979BA}.Debug|Any CPU.ActiveCfg = Debug|Any CPU
		{F7C728FF-4134-0287-6493-5E79C54979BA}.Debug|Any CPU.Build.0 = Debug|Any CPU
		{F7C728FF-4134-0287-6493-5E79C54979BA}.Release|Any CPU.ActiveCfg = Release|Any CPU
		{F7C728FF-4134-0287-6493-5E79C54979BA}.Release|Any CPU.Build.0 = Release|Any CPU
		{507AA9E7-383B-D85C-C2B9-0C0578385D7D}.Debug|Any CPU.ActiveCfg = Debug|Any CPU
		{507AA9E7-383B-D85C-C2B9-0C0578385D7D}.Debug|Any CPU.Build.0 = Debug|Any CPU
		{507AA9E7-383B-D85C-C2B9-0C0578385D7D}.Release|Any CPU.ActiveCfg = Release|Any CPU
		{507AA9E7-383B-D85C-C2B9-0C0578385D7D}.Release|Any CPU.Build.0 = Release|Any CPU
		{B8A94D60-5716-DDCB-B913-5B9D9EC8401A}.Debug|Any CPU.ActiveCfg = Debug|Any CPU
		{B8A94D60-5716-DDCB-B913-5B9D9EC8401A}.Debug|Any CPU.Build.0 = Debug|Any CPU
		{B8A94D60-5716-DDCB-B913-5B9D9EC8401A}.Release|Any CPU.ActiveCfg = Release|Any CPU
		{B8A94D60-5716-DDCB-B913-5B9D9EC8401A}.Release|Any CPU.Build.0 = Release|Any CPU
		{F57D3B98-09A2-A79F-6A5D-4B097B7B5958}.Debug|Any CPU.ActiveCfg = Debug|Any CPU
		{F57D3B98-09A2-A79F-6A5D-4B097B7B5958}.Debug|Any CPU.Build.0 = Debug|Any CPU
		{F57D3B98-09A2-A79F-6A5D-4B097B7B5958}.Release|Any CPU.ActiveCfg = Release|Any CPU
		{F57D3B98-09A2-A79F-6A5D-4B097B7B5958}.Release|Any CPU.Build.0 = Release|Any CPU
		{2DFE58AA-C022-3780-5522-B1B6851F3138}.Debug|Any CPU.ActiveCfg = Debug|Any CPU
		{2DFE58AA-C022-3780-5522-B1B6851F3138}.Debug|Any CPU.Build.0 = Debug|Any CPU
		{2DFE58AA-C022-3780-5522-B1B6851F3138}.Release|Any CPU.ActiveCfg = Release|Any CPU
		{2DFE58AA-C022-3780-5522-B1B6851F3138}.Release|Any CPU.Build.0 = Release|Any CPU
		{8F663C63-A862-C311-EB38-DA6A8D3F2C9C}.Debug|Any CPU.ActiveCfg = Debug|Any CPU
		{8F663C63-A862-C311-EB38-DA6A8D3F2C9C}.Debug|Any CPU.Build.0 = Debug|Any CPU
		{8F663C63-A862-C311-EB38-DA6A8D3F2C9C}.Release|Any CPU.ActiveCfg = Release|Any CPU
		{8F663C63-A862-C311-EB38-DA6A8D3F2C9C}.Release|Any CPU.Build.0 = Release|Any CPU
		{386FA0EC-C966-E79E-A218-45825D02E58E}.Debug|Any CPU.ActiveCfg = Debug|Any CPU
		{386FA0EC-C966-E79E-A218-45825D02E58E}.Debug|Any CPU.Build.0 = Debug|Any CPU
		{386FA0EC-C966-E79E-A218-45825D02E58E}.Release|Any CPU.ActiveCfg = Release|Any CPU
		{386FA0EC-C966-E79E-A218-45825D02E58E}.Release|Any CPU.Build.0 = Release|Any CPU
		{C332CCFF-96F8-945F-7D69-6A397A00C230}.Debug|Any CPU.ActiveCfg = Debug|Any CPU
		{C332CCFF-96F8-945F-7D69-6A397A00C230}.Debug|Any CPU.Build.0 = Debug|Any CPU
		{C332CCFF-96F8-945F-7D69-6A397A00C230}.Release|Any CPU.ActiveCfg = Release|Any CPU
		{C332CCFF-96F8-945F-7D69-6A397A00C230}.Release|Any CPU.Build.0 = Release|Any CPU
		{F43E178C-6E04-424A-1EE1-5E9E9272F40D}.Debug|Any CPU.ActiveCfg = Debug|Any CPU
		{F43E178C-6E04-424A-1EE1-5E9E9272F40D}.Debug|Any CPU.Build.0 = Debug|Any CPU
		{F43E178C-6E04-424A-1EE1-5E9E9272F40D}.Release|Any CPU.ActiveCfg = Release|Any CPU
		{F43E178C-6E04-424A-1EE1-5E9E9272F40D}.Release|Any CPU.Build.0 = Release|Any CPU
		{917F4BC3-6A84-20BA-0979-0F975F072B18}.Debug|Any CPU.ActiveCfg = Debug|Any CPU
		{917F4BC3-6A84-20BA-0979-0F975F072B18}.Debug|Any CPU.Build.0 = Debug|Any CPU
		{917F4BC3-6A84-20BA-0979-0F975F072B18}.Release|Any CPU.ActiveCfg = Release|Any CPU
		{917F4BC3-6A84-20BA-0979-0F975F072B18}.Release|Any CPU.Build.0 = Release|Any CPU
		{8A77D629-2007-56AF-371F-FE6F94D71B69}.Debug|Any CPU.ActiveCfg = Debug|Any CPU
		{8A77D629-2007-56AF-371F-FE6F94D71B69}.Debug|Any CPU.Build.0 = Debug|Any CPU
		{8A77D629-2007-56AF-371F-FE6F94D71B69}.Release|Any CPU.ActiveCfg = Release|Any CPU
		{8A77D629-2007-56AF-371F-FE6F94D71B69}.Release|Any CPU.Build.0 = Release|Any CPU
	EndGlobalSection
	GlobalSection(SolutionProperties) = preSolution
		HideSolutionNode = FALSE
	EndGlobalSection
EndGlobal
